
Microsoft Visual Studio Solution File, Format Version 12.00
# Visual Studio Version 17
VisualStudioVersion = 17.8.34601.278
MinimumVisualStudioVersion = 10.0.40219.1
Project("{FAE04EC0-301F-11D3-BF4B-00C04F79EFBC}") = "APIFun", "APIFun.csproj", "{211EFB33-536A-444D-9CE1-4FBF292E158F}"
EndProject
Global
	GlobalSection(SolutionConfigurationPlatforms) = preSolution
		Debug|Any CPU = Debug|Any CPU
		Release|Any CPU = Release|Any CPU
	EndGlobalSection
	GlobalSection(ProjectConfigurationPlatforms) = postSolution
		{211EFB33-536A-444D-9CE1-4FBF292E158F}.Debug|Any CPU.ActiveCfg = Debug|Any CPU
		{211EFB33-536A-444D-9CE1-4FBF292E158F}.Debug|Any CPU.Build.0 = Debug|Any CPU
		{211EFB33-536A-444D-9CE1-4FBF292E158F}.Release|Any CPU.ActiveCfg = Release|Any CPU
		{211EFB33-536A-444D-9CE1-4FBF292E158F}.Release|Any CPU.Build.0 = Release|Any CPU
	EndGlobalSection
	GlobalSection(SolutionProperties) = preSolution
		HideSolutionNode = FALSE
	EndGlobalSection
	GlobalSection(ExtensibilityGlobals) = postSolution
		SolutionGuid = {4CC0092D-F110-43E0-948D-E404E93310DB}
	EndGlobalSection
EndGlobal
